
Microsoft Visual Studio Solution File, Format Version 12.00
# Visual Studio Version 17
VisualStudioVersion = 17.8.34316.72
MinimumVisualStudioVersion = 10.0.40219.1
Project("{FAE04EC0-301F-11D3-BF4B-00C04F79EFBC}") = "WebAPI Practice", "WebAPI Practice\WebAPI Practice.csproj", "{3CBC0EAB-4275-4E21-A64E-2FFCD9950785}"
EndProject
Global
	GlobalSection(SolutionConfigurationPlatforms) = preSolution
		Debug|Any CPU = Debug|Any CPU
		Release|Any CPU = Release|Any CPU
	EndGlobalSection
	GlobalSection(ProjectConfigurationPlatforms) = postSolution
		{3CBC0EAB-4275-4E21-A64E-2FFCD9950785}.Debug|Any CPU.ActiveCfg = Debug|Any CPU
		{3CBC0EAB-4275-4E21-A64E-2FFCD9950785}.Debug|Any CPU.Build.0 = Debug|Any CPU
		{3CBC0EAB-4275-4E21-A64E-2FFCD9950785}.Release|Any CPU.ActiveCfg = Release|Any CPU
		{3CBC0EAB-4275-4E21-A64E-2FFCD9950785}.Release|Any CPU.Build.0 = Release|Any CPU
	EndGlobalSection
	GlobalSection(SolutionProperties) = preSolution
		HideSolutionNode = FALSE
	EndGlobalSection
	GlobalSection(ExtensibilityGlobals) = postSolution
		SolutionGuid = {C2AE33D0-AB6E-4226-AEF9-81D0291954A6}
	EndGlobalSection
EndGlobal
